
Microsoft Visual Studio Solution File, Format Version 12.00
# Visual Studio Version 16
VisualStudioVersion = 16.0.30621.155
MinimumVisualStudioVersion = 10.0.40219.1
Project("{9A19103F-16F7-4668-BE54-9A1E7A4F7556}") = "Entities", "Entities\Entities.csproj", "{033A5286-CB6D-4565-A29F-14864B98D280}"
EndProject
Project("{9A19103F-16F7-4668-BE54-9A1E7A4F7556}") = "DataAccess", "DataAccess\DataAccess.csproj", "{2303C160-0268-482D-98CA-9946FEBB1C20}"
EndProject
Project("{9A19103F-16F7-4668-BE54-9A1E7A4F7556}") = "Business", "Business\Business.csproj", "{01D9567A-A356-47DA-8E5C-FD6D355FEFE6}"
EndProject
Project("{9A19103F-16F7-4668-BE54-9A1E7A4F7556}") = "ConsoleTest", "ConsoleTest\ConsoleTest.csproj", "{A6F87FCF-5BBE-4FBE-AA5F-1E715E59896A}"
EndProject
Project("{9A19103F-16F7-4668-BE54-9A1E7A4F7556}") = "WinFormsUI", "WinFormsUI\WinFormsUI.csproj", "{3BDDD2DF-B458-457D-8949-929F4F3CF807}"
EndProject
Project("{9A19103F-16F7-4668-BE54-9A1E7A4F7556}") = "ExceptionHandlingWorkaround", "ExceptionHandlingWorkaround\ExceptionHandlingWorkaround.csproj", "{92F0DADA-F253-4F87-8B97-11E68EE28184}"
EndProject
Project("{9A19103F-16F7-4668-BE54-9A1E7A4F7556}") = "AsyncProgrammingWorkaround", "AsyncProgrammingWorkaround\AsyncProgrammingWorkaround.csproj", "{7DB3F7A0-B9AC-4648-A6B7-442938DB0030}"
EndProject
Project("{FAE04EC0-301F-11D3-BF4B-00C04F79EFBC}") = "WebAPI", "WebAPI\WebAPI.csproj", "{D393A853-4185-434E-B99B-D464837611DA}"
EndProject
Global
	GlobalSection(SolutionConfigurationPlatforms) = preSolution
		Debug|Any CPU = Debug|Any CPU
		Release|Any CPU = Release|Any CPU
	EndGlobalSection
	GlobalSection(ProjectConfigurationPlatforms) = postSolution
		{033A5286-CB6D-4565-A29F-14864B98D280}.Debug|Any CPU.ActiveCfg = Debug|Any CPU
		{033A5286-CB6D-4565-A29F-14864B98D280}.Debug|Any CPU.Build.0 = Debug|Any CPU
		{033A5286-CB6D-4565-A29F-14864B98D280}.Release|Any CPU.ActiveCfg = Release|Any CPU
		{033A5286-CB6D-4565-A29F-14864B98D280}.Release|Any CPU.Build.0 = Release|Any CPU
		{2303C160-0268-482D-98CA-9946FEBB1C20}.Debug|Any CPU.ActiveCfg = Debug|Any CPU
		{2303C160-0268-482D-98CA-9946FEBB1C20}.Debug|Any CPU.Build.0 = Debug|Any CPU
		{2303C160-0268-482D-98CA-9946FEBB1C20}.Release|Any CPU.ActiveCfg = Release|Any CPU
		{2303C160-0268-482D-98CA-9946FEBB1C20}.Release|Any CPU.Build.0 = Release|Any CPU
		{01D9567A-A356-47DA-8E5C-FD6D355FEFE6}.Debug|Any CPU.ActiveCfg = Debug|Any CPU
		{01D9567A-A356-47DA-8E5C-FD6D355FEFE6}.Debug|Any CPU.Build.0 = Debug|Any CPU
		{01D9567A-A356-47DA-8E5C-FD6D355FEFE6}.Release|Any CPU.ActiveCfg = Release|Any CPU
		{01D9567A-A356-47DA-8E5C-FD6D355FEFE6}.Release|Any CPU.Build.0 = Release|Any CPU
		{A6F87FCF-5BBE-4FBE-AA5F-1E715E59896A}.Debug|Any CPU.ActiveCfg = Debug|Any CPU
		{A6F87FCF-5BBE-4FBE-AA5F-1E715E59896A}.Debug|Any CPU.Build.0 = Debug|Any CPU
		{A6F87FCF-5BBE-4FBE-AA5F-1E715E59896A}.Release|Any CPU.ActiveCfg = Release|Any CPU
		{A6F87FCF-5BBE-4FBE-AA5F-1E715E59896A}.Release|Any CPU.Build.0 = Release|Any CPU
		{3BDDD2DF-B458-457D-8949-929F4F3CF807}.Debug|Any CPU.ActiveCfg = Debug|Any CPU
		{3BDDD2DF-B458-457D-8949-929F4F3CF807}.Debug|Any CPU.Build.0 = Debug|Any CPU
		{3BDDD2DF-B458-457D-8949-929F4F3CF807}.Release|Any CPU.ActiveCfg = Release|Any CPU
		{3BDDD2DF-B458-457D-8949-929F4F3CF807}.Release|Any CPU.Build.0 = Release|Any CPU
		{92F0DADA-F253-4F87-8B97-11E68EE28184}.Debug|Any CPU.ActiveCfg = Debug|Any CPU
		{92F0DADA-F253-4F87-8B97-11E68EE28184}.Debug|Any CPU.Build.0 = Debug|Any CPU
		{92F0DADA-F253-4F87-8B97-11E68EE28184}.Release|Any CPU.ActiveCfg = Release|Any CPU
		{92F0DADA-F253-4F87-8B97-11E68EE28184}.Release|Any CPU.Build.0 = Release|Any CPU
		{7DB3F7A0-B9AC-4648-A6B7-442938DB0030}.Debug|Any CPU.ActiveCfg = Debug|Any CPU
		{7DB3F7A0-B9AC-4648-A6B7-442938DB0030}.Debug|Any CPU.Build.0 = Debug|Any CPU
		{7DB3F7A0-B9AC-4648-A6B7-442938DB0030}.Release|Any CPU.ActiveCfg = Release|Any CPU
		{7DB3F7A0-B9AC-4648-A6B7-442938DB0030}.Release|Any CPU.Build.0 = Release|Any CPU
		{D393A853-4185-434E-B99B-D464837611DA}.Debug|Any CPU.ActiveCfg = Debug|Any CPU
		{D393A853-4185-434E-B99B-D464837611DA}.Debug|Any CPU.Build.0 = Debug|Any CPU
		{D393A853-4185-434E-B99B-D464837611DA}.Release|Any CPU.ActiveCfg = Release|Any CPU
		{D393A853-4185-434E-B99B-D464837611DA}.Release|Any CPU.Build.0 = Release|Any CPU
	EndGlobalSection
	GlobalSection(SolutionProperties) = preSolution
		HideSolutionNode = FALSE
	EndGlobalSection
	GlobalSection(ExtensibilityGlobals) = postSolution
		SolutionGuid = {1108F93A-7361-462F-ABDF-DDDE6AD1144D}
	EndGlobalSection
EndGlobal
